Microsoft Visual Studio Solution File, Format Version 12.00
# Visual Studio Version 17
VisualStudioVersion = 17.5.2.0
MinimumVisualStudioVersion = 10.0.40219.1
Project("{FAE04EC0-301F-11D3-BF4B-00C04F79EFBC}") = "ValidationExtension.Tests", "ValidationExtension.Tests.csproj", "{FFC00D6D-7E67-2FE1-F4EC-F21C39A4E16F}"
EndProject
Global
	GlobalSection(SolutionConfigurationPlatforms) = preSolution
		Debug|Any CPU = Debug|Any CPU
		Release|Any CPU = Release|Any CPU
	EndGlobalSection
	GlobalSection(ProjectConfigurationPlatforms) = postSolution
		{FFC00D6D-7E67-2FE1-F4EC-F21C39A4E16F}.Debug|Any CPU.ActiveCfg = Debug|Any CPU
		{FFC00D6D-7E67-2FE1-F4EC-F21C39A4E16F}.Debug|Any CPU.Build.0 = Debug|Any CPU
		{FFC00D6D-7E67-2FE1-F4EC-F21C39A4E16F}.Release|Any CPU.ActiveCfg = Release|Any CPU
		{FFC00D6D-7E67-2FE1-F4EC-F21C39A4E16F}.Release|Any CPU.Build.0 = Release|Any CPU
	EndGlobalSection
	GlobalSection(SolutionProperties) = preSolution
		HideSolutionNode = FALSE
	EndGlobalSection
	GlobalSection(ExtensibilityGlobals) = postSolution
		SolutionGuid = {390472DF-25E2-487F-A513-378BD2D30E4C}
	EndGlobalSection
EndGlobal
